// !$*UTF8*$!
{
	archiveVersion = 1;
	classes = {
	};
	objectVersion = 50;
	objects = {

/* Begin PBXBuildFile section */
		A690AA4322B8D81200B02C28 /* AppDelegate.swift in Sources */ = {isa = PBXBuildFile; fileRef = A690AA4222B8D81200B02C28 /* AppDelegate.swift */; };
		A690AA4A22B8D81400B02C28 /* Assets.xcassets in Resources */ = {isa = PBXBuildFile; fileRef = A690AA4922B8D81400B02C28 /* Assets.xcassets */; };
		A690AA4D22B8D81400B02C28 /* LaunchScreen.storyboard in Resources */ = {isa = PBXBuildFile; fileRef = A690AA4B22B8D81400B02C28 /* LaunchScreen.storyboard */; };
		A690AA5822B8D81400B02C28 /* PascalinaTests.swift in Sources */ = {isa = PBXBuildFile; fileRef = A690AA5722B8D81400B02C28 /* PascalinaTests.swift */; };
		A69DF0EC22BB878600724DA3 /* UIButtonExtension.swift in Sources */ = {isa = PBXBuildFile; fileRef = A69DF0EB22BB878600724DA3 /* UIButtonExtension.swift */; };
		A6A87B7622B8DF29007DBA4D /* HomeViewController.swift in Sources */ = {isa = PBXBuildFile; fileRef = A6A87B7422B8DF29007DBA4D /* HomeViewController.swift */; };
		A6A87B7722B8DF29007DBA4D /* HomeViewController.xib in Resources */ = {isa = PBXBuildFile; fileRef = A6A87B7522B8DF29007DBA4D /* HomeViewController.xib */; };
/* End PBXBuildFile section */

/* Begin PBXContainerItemProxy section */
		A690AA5422B8D81400B02C28 /* PBXContainerItemProxy */ = {
			isa = PBXContainerItemProxy;
			containerPortal = A690AA3722B8D81200B02C28 /* Project object */;
			proxyType = 1;
			remoteGlobalIDString = A690AA3E22B8D81200B02C28;
			remoteInfo = Pascalina;
		};
/* End PBXContainerItemProxy section */

/* Begin PBXFileReference section */
		A690AA3F22B8D81200B02C28 /* Pascalina.app */ = {isa = PBXFileReference; explicitFileType = wrapper.application; includeInIndex = 0; path = Pascalina.app; sourceTree = BUILT_PRODUCTS_DIR; };
		A690AA4222B8D81200B02C28 /* AppDelegate.swift */ = {isa = PBXFileReference; lastKnownFileType = sourcecode.swift; path = AppDelegate.swift; sourceTree = "<group>"; };
		A690AA4922B8D81400B02C28 /* Assets.xcassets */ = {isa = PBXFileReference; lastKnownFileType = folder.assetcatalog; path = Assets.xcassets; sourceTree = "<group>"; };
		A690AA4C22B8D81400B02C28 /* Base */ = {isa = PBXFileReference; lastKnownFileType = file.storyboard; name = Base; path = Base.lproj/LaunchScreen.storyboard; sourceTree = "<group>"; };
		A690AA4E22B8D81400B02C28 /* Info.plist */ = {isa = PBXFileReference; lastKnownFileType = text.plist.xml; path = Info.plist; sourceTree = "<group>"; };
		A690AA5322B8D81400B02C28 /* PascalinaTests.xctest */ = {isa = PBXFileReference; explicitFileType = wrapper.cfbundle; includeInIndex = 0; path = PascalinaTests.xctest; sourceTree = BUILT_PRODUCTS_DIR; };
		A690AA5722B8D81400B02C28 /* PascalinaTests.swift */ = {isa = PBXFileReference; lastKnownFileType = sourcecode.swift; path = PascalinaTests.swift; sourceTree = "<group>"; };
		A690AA5922B8D81400B02C28 /* Info.plist */ = {isa = PBXFileReference; lastKnownFileType = text.plist.xml; path = Info.plist; sourceTree = "<group>"; };
		A69DF0EB22BB878600724DA3 /* UIButtonExtension.swift */ = {isa = PBXFileReference; lastKnownFileType = sourcecode.swift; path = UIButtonExtension.swift; sourceTree = "<group>"; };
		A6A87B7422B8DF29007DBA4D /* HomeViewController.swift */ = {isa = PBXFileReference; lastKnownFileType = sourcecode.swift; path = HomeViewController.swift; sourceTree = "<group>"; };
		A6A87B7522B8DF29007DBA4D /* HomeViewController.xib */ = {isa = PBXFileReference; lastKnownFileType = file.xib; path = HomeViewController.xib; sourceTree = "<group>"; };
/* End PBXFileReference section */

/* Begin PBXFrameworksBuildPhase section */
		A690AA3C22B8D81200B02C28 /* Frameworks */ = {
			isa = PBXFrameworksBuildPhase;
			buildActionMask = 2147483647;
			files = (
			);
			runOnlyForDeploymentPostprocessing = 0;
		};
		A690AA5022B8D81400B02C28 /* Frameworks */ = {
			isa = PBXFrameworksBuildPhase;
			buildActionMask = 2147483647;
			files = (
			);
			runOnlyForDeploymentPostprocessing = 0;
		};
/* End PBXFrameworksBuildPhase section */

/* Begin PBXGroup section */
		A690AA3622B8D81200B02C28 = {
			isa = PBXGroup;
			children = (
				A690AA4122B8D81200B02C28 /* Pascalina */,
				A690AA5622B8D81400B02C28 /* PascalinaTests */,
				A690AA4022B8D81200B02C28 /* Products */,
			);
			sourceTree = "<group>";
		};
		A690AA4022B8D81200B02C28 /* Products */ = {
			isa = PBXGroup;
			children = (
				A690AA3F22B8D81200B02C28 /* Pascalina.app */,
				A690AA5322B8D81400B02C28 /* PascalinaTests.xctest */,
			);
			name = Products;
			sourceTree = "<group>";
		};
		A690AA4122B8D81200B02C28 /* Pascalina */ = {
			isa = PBXGroup;
			children = (
				A690AA4222B8D81200B02C28 /* AppDelegate.swift */,
				A6A87B6F22B8DA61007DBA4D /* View */,
				A6A87B6E22B8DA5B007DBA4D /* Controller */,
				A6A87B6D22B8DA56007DBA4D /* Model */,
				A6A87B7022B8DA6A007DBA4D /* Util */,
				A6A87B7122B8DA75007DBA4D /* Supporting Files */,
				A690AA4922B8D81400B02C28 /* Assets.xcassets */,
			);
			path = Pascalina;
			sourceTree = "<group>";
		};
		A690AA5622B8D81400B02C28 /* PascalinaTests */ = {
			isa = PBXGroup;
			children = (
				A690AA5722B8D81400B02C28 /* PascalinaTests.swift */,
				A690AA5922B8D81400B02C28 /* Info.plist */,
			);
			path = PascalinaTests;
			sourceTree = "<group>";
		};
		A6A87B6D22B8DA56007DBA4D /* Model */ = {
			isa = PBXGroup;
			children = (
			);
			path = Model;
			sourceTree = "<group>";
		};
		A6A87B6E22B8DA5B007DBA4D /* Controller */ = {
			isa = PBXGroup;
			children = (
				A6A87B7822B8DF74007DBA4D /* Home */,
			);
			path = Controller;
			sourceTree = "<group>";
		};
		A6A87B6F22B8DA61007DBA4D /* View */ = {
			isa = PBXGroup;
			children = (
				A6A87B7322B8DEE4007DBA4D /* Home */,
				A6A87B7222B8DAC5007DBA4D /* Launch */,
			);
			path = View;
			sourceTree = "<group>";
		};
		A6A87B7022B8DA6A007DBA4D /* Util */ = {
			isa = PBXGroup;
			children = (
				A69DF0EB22BB878600724DA3 /* UIButtonExtension.swift */,
			);
			path = Util;
			sourceTree = "<group>";
		};
		A6A87B7122B8DA75007DBA4D /* Supporting Files */ = {
			isa = PBXGroup;
			children = (
				A690AA4E22B8D81400B02C28 /* Info.plist */,
			);
			path = "Supporting Files";
			sourceTree = "<group>";
		};
		A6A87B7222B8DAC5007DBA4D /* Launch */ = {
			isa = PBXGroup;
			children = (
				A690AA4B22B8D81400B02C28 /* LaunchScreen.storyboard */,
			);
			path = Launch;
			sourceTree = "<group>";
		};
		A6A87B7322B8DEE4007DBA4D /* Home */ = {
			isa = PBXGroup;
			children = (
				A6A87B7522B8DF29007DBA4D /* HomeViewController.xib */,
			);
			path = Home;
			sourceTree = "<group>";
		};
		A6A87B7822B8DF74007DBA4D /* Home */ = {
			isa = PBXGroup;
			children = (
				A6A87B7422B8DF29007DBA4D /* HomeViewController.swift */,
			);
			path = Home;
			sourceTree = "<group>";
		};
/* End PBXGroup section */

/* Begin PBXNativeTarget section */
		A690AA3E22B8D81200B02C28 /* Pascalina */ = {
			isa = PBXNativeTarget;
			buildConfigurationList = A690AA5C22B8D81400B02C28 /* Build configuration list for PBXNativeTarget "Pascalina" */;
			buildPhases = (
				A690AA3B22B8D81200B02C28 /* Sources */,
				A690AA3C22B8D81200B02C28 /* Frameworks */,
				A690AA3D22B8D81200B02C28 /* Resources */,
			);
			buildRules = (
			);
			dependencies = (
			);
			name = Pascalina;
			productName = Pascalina;
			productReference = A690AA3F22B8D81200B02C28 /* Pascalina.app */;
			productType = "com.apple.product-type.application";
		};
		A690AA5222B8D81400B02C28 /* PascalinaTests */ = {
			isa = PBXNativeTarget;
			buildConfigurationList = A690AA5F22B8D81400B02C28 /* Build configuration list for PBXNativeTarget "PascalinaTests" */;
			buildPhases = (
				A690AA4F22B8D81400B02C28 /* Sources */,
				A690AA5022B8D81400B02C28 /* Frameworks */,
				A690AA5122B8D81400B02C28 /* Resources */,
			);
			buildRules = (
			);
			dependencies = (
				A690AA5522B8D81400B02C28 /* PBXTargetDependency */,
			);
			name = PascalinaTests;
			productName = PascalinaTests;
			productReference = A690AA5322B8D81400B02C28 /* PascalinaTests.xctest */;
			productType = "com.apple.product-type.bundle.unit-test";
		};
/* End PBXNativeTarget section */

/* Begin PBXProject section */
		A690AA3722B8D81200B02C28 /* Project object */ = {
			isa = PBXProject;
			attributes = {
				LastSwiftUpdateCheck = 1010;
				LastUpgradeCheck = 1010;
				ORGANIZATIONNAME = Prueba;
				TargetAttributes = {
					A690AA3E22B8D81200B02C28 = {
						CreatedOnToolsVersion = 10.1;
					};
					A690AA5222B8D81400B02C28 = {
						CreatedOnToolsVersion = 10.1;
						TestTargetID = A690AA3E22B8D81200B02C28;
					};
				};
			};
			buildConfigurationList = A690AA3A22B8D81200B02C28 /* Build configuration list for PBXProject "Pascalina" */;
			compatibilityVersion = "Xcode 9.3";
			developmentRegion = en;
			hasScannedForEncodings = 0;
			knownRegions = (
				en,
				Base,
			);
			mainGroup = A690AA3622B8D81200B02C28;
			productRefGroup = A690AA4022B8D81200B02C28 /* Products */;
			projectDirPath = "";
			projectRoot = "";
			targets = (
				A690AA3E22B8D81200B02C28 /* Pascalina */,
				A690AA5222B8D81400B02C28 /* PascalinaTests */,
			);
		};
/* End PBXProject section */

/* Begin PBXResourcesBuildPhase section */
		A690AA3D22B8D81200B02C28 /* Resources */ = {
			isa = PBXResourcesBuildPhase;
			buildActionMask = 2147483647;
			files = (
				A690AA4D22B8D81400B02C28 /* LaunchScreen.storyboard in Resources */,
				A690AA4A22B8D81400B02C28 /* Assets.xcassets in Resources */,
				A6A87B7722B8DF29007DBA4D /* HomeViewController.xib in Resources */,
			);
			runOnlyForDeploymentPostprocessing = 0;
		};
		A690AA5122B8D81400B02C28 /* Resources */ = {
			isa = PBXResourcesBuildPhase;
			buildActionMask = 2147483647;
			files = (
			);
			runOnlyForDeploymentPostprocessing = 0;
		};
/* End PBXResourcesBuildPhase section */

/* Begin PBXSourcesBuildPhase section */
		A690AA3B22B8D81200B02C28 /* Sources */ = {
			isa = PBXSourcesBuildPhase;
			buildActionMask = 2147483647;
			files = (
				A690AA4322B8D81200B02C28 /* AppDelegate.swift in Sources */,
				A6A87B7622B8DF29007DBA4D /* HomeViewController.swift in Sources */,
				A69DF0EC22BB878600724DA3 /* UIButtonExtension.swift in Sources */,
			);
			runOnlyForDeploymentPostprocessing = 0;
		};
		A690AA4F22B8D81400B02C28 /* Sources */ = {
			isa = PBXSourcesBuildPhase;
			buildActionMask = 2147483647;
			files = (
				A690AA5822B8D81400B02C28 /* PascalinaTests.swift in Sources */,
			);
			runOnlyForDeploymentPostprocessing = 0;
		};
/* End PBXSourcesBuildPhase section */

/* Begin PBXTargetDependency section */
		A690AA5522B8D81400B02C28 /* PBXTargetDependency */ = {
			isa = PBXTargetDependency;
			target = A690AA3E22B8D81200B02C28 /* Pascalina */;
			targetProxy = A690AA5422B8D81400B02C28 /* PBXContainerItemProxy */;
		};
/* End PBXTargetDependency section */

/* Begin PBXVariantGroup section */
		A690AA4B22B8D81400B02C28 /* LaunchScreen.storyboard */ = {
			isa = PBXVariantGroup;
			children = (
				A690AA4C22B8D81400B02C28 /* Base */,
			);
			name = LaunchScreen.storyboard;
			sourceTree = "<group>";
		};
/* End PBXVariantGroup section */

/* Begin XCBuildConfiguration section */
		A690AA5A22B8D81400B02C28 /* Debug */ = {
			isa = XCBuildConfiguration;
			buildSettings = {
				ALWAYS_SEARCH_USER_PATHS = NO;
				CLANG_ANALYZER_NONNULL = YES;
				CLANG_ANALYZER_NUMBER_OBJECT_CONVERSION = YES_AGGRESSIVE;
				CLANG_CXX_LANGUAGE_STANDARD = "gnu++14";
				CLANG_CXX_LIBRARY = "libc++";
				CLANG_ENABLE_MODULES = YES;
				CLANG_ENABLE_OBJC_ARC = YES;
				CLANG_ENABLE_OBJC_WEAK = YES;
				CLANG_WARN_BLOCK_CAPTURE_AUTORELEASING = YES;
				CLANG_WARN_BOOL_CONVERSION = YES;
				CLANG_WARN_COMMA = YES;
				CLANG_WARN_CONSTANT_CONVERSION = YES;
				CLANG_WARN_DEPRECATED_OBJC_IMPLEMENTATIONS = YES;
				CLANG_WARN_DIRECT_OBJC_ISA_USAGE = YES_ERROR;
				CLANG_WARN_DOCUMENTATION_COMMENTS = YES;
				CLANG_WARN_EMPTY_BODY = YES;
				CLANG_WARN_ENUM_CONVERSION = YES;
				CLANG_WARN_INFINITE_RECURSION = YES;
				CLANG_WARN_INT_CONVERSION = YES;
				CLANG_WARN_NON_LITERAL_NULL_CONVERSION = YES;
				CLANG_WARN_OBJC_IMPLICIT_RETAIN_SELF = YES;
				CLANG_WARN_OBJC_LITERAL_CONVERSION = YES;
				CLANG_WARN_OBJC_ROOT_CLASS = YES_ERROR;
				CLANG_WARN_RANGE_LOOP_ANALYSIS = YES;
				CLANG_WARN_STRICT_PROTOTYPES = YES;
				CLANG_WARN_SUSPICIOUS_MOVE = YES;
				CLANG_WARN_UNGUARDED_AVAILABILITY = YES_AGGRESSIVE;
				CLANG_WARN_UNREACHABLE_CODE = YES;
				CLANG_WARN__DUPLICATE_METHOD_MATCH = YES;
				CODE_SIGN_IDENTITY = "iPhone Developer";
				COPY_PHASE_STRIP = NO;
				DEBUG_INFORMATION_FORMAT = dwarf;
				ENABLE_STRICT_OBJC_MSGSEND = YES;
				ENABLE_TESTABILITY = YES;
				GCC_C_LANGUAGE_STANDARD = gnu11;
				GCC_DYNAMIC_NO_PIC = NO;
				GCC_NO_COMMON_BLOCKS = YES;
				GCC_OPTIMIZATION_LEVEL = 0;
				GCC_PREPROCESSOR_DEFINITIONS = (
					"DEBUG=1",
					"$(inherited)",
				);
				GCC_WARN_64_TO_32_BIT_CONVERSION = YES;
				GCC_WARN_ABOUT_RETURN_TYPE = YES_ERROR;
				GCC_WARN_UNDECLARED_SELECTOR = YES;
				GCC_WARN_UNINITIALIZED_AUTOS = YES_AGGRESSIVE;
				GCC_WARN_UNUSED_FUNCTION = YES;
				GCC_WARN_UNUSED_VARIABLE = YES;
				IPHONEOS_DEPLOYMENT_TARGET = 12.1;
				MTL_ENABLE_DEBUG_INFO = INCLUDE_SOURCE;
				MTL_FAST_MATH = YES;
				ONLY_ACTIVE_ARCH = YES;
				SDKROOT = iphoneos;
				SWIFT_ACTIVE_COMPILATION_CONDITIONS = DEBUG;
				SWIFT_OPTIMIZATION_LEVEL = "-Onone";
			};
			name = Debug;
		};
		A690AA5B22B8D81400B02C28 /* Release */ = {
			isa = XCBuildConfiguration;
			buildSettings = {
				ALWAYS_SEARCH_USER_PATHS = NO;
				CLANG_ANALYZER_NONNULL = YES;
				CLANG_ANALYZER_NUMBER_OBJECT_CONVERSION = YES_AGGRESSIVE;
				CLANG_CXX_LANGUAGE_STANDARD = "gnu++14";
				CLANG_CXX_LIBRARY = "libc++";
				CLANG_ENABLE_MODULES = YES;
				CLANG_ENABLE_OBJC_ARC = YES;
				CLANG_ENABLE_OBJC_WEAK = YES;
				CLANG_WARN_BLOCK_CAPTURE_AUTORELEASING = YES;
				CLANG_WARN_BOOL_CONVERSION = YES;
				CLANG_WARN_COMMA = YES;
				CLANG_WARN_CONSTANT_CONVERSION = YES;
				CLANG_WARN_DEPRECATED_OBJC_IMPLEMENTATIONS = YES;
				CLANG_WARN_DIRECT_OBJC_ISA_USAGE = YES_ERROR;
				CLANG_WARN_DOCUMENTATION_COMMENTS = YES;
				CLANG_WARN_EMPTY_BODY = YES;
				CLANG_WARN_ENUM_CONVERSION = YES;
				CLANG_WARN_INFINITE_RECURSION = YES;
				CLANG_WARN_INT_CONVERSION = YES;
				CLANG_WARN_NON_LITERAL_NULL_CONVERSION = YES;
				CLANG_WARN_OBJC_IMPLICIT_RETAIN_SELF = YES;
				CLANG_WARN_OBJC_LITERAL_CONVERSION = YES;
				CLANG_WARN_OBJC_ROOT_CLASS = YES_ERROR;
				CLANG_WARN_RANGE_LOOP_ANALYSIS = YES;
				CLANG_WARN_STRICT_PROTOTYPES = YES;
				CLANG_WARN_SUSPICIOUS_MOVE = YES;
				CLANG_WARN_UNGUARDED_AVAILABILITY = YES_AGGRESSIVE;
				CLANG_WARN_UNREACHABLE_CODE = YES;
				CLANG_WARN__DUPLICATE_METHOD_MATCH = YES;
				CODE_SIGN_IDENTITY = "iPhone Developer";
				COPY_PHASE_STRIP = NO;
				DEBUG_INFORMATION_FORMAT = "dwarf-with-dsym";
				ENABLE_NS_ASSERTIONS = NO;
				ENABLE_STRICT_OBJC_MSGSEND = YES;
				GCC_C_LANGUAGE_STANDARD = gnu11;
				GCC_NO_COMMON_BLOCKS = YES;
				GCC_WARN_64_TO_32_BIT_CONVERSION = YES;
				GCC_WARN_ABOUT_RETURN_TYPE = YES_ERROR;
				GCC_WARN_UNDECLARED_SELECTOR = YES;
				GCC_WARN_UNINITIALIZED_AUTOS = YES_AGGRESSIVE;
				GCC_WARN_UNUSED_FUNCTION = YES;
				GCC_WARN_UNUSED_VARIABLE = YES;
				IPHONEOS_DEPLOYMENT_TARGET = 12.1;
				MTL_ENABLE_DEBUG_INFO = NO;
				MTL_FAST_MATH = YES;
				SDKROOT = iphoneos;
				SWIFT_COMPILATION_MODE = wholemodule;
				SWIFT_OPTIMIZATION_LEVEL = "-O";
				VALIDATE_PRODUCT = YES;
			};
			name = Release;
		};
		A690AA5D22B8D81400B02C28 /* Debug */ = {
			isa = XCBuildConfiguration;
			buildSettings = {
				ASSETCATALOG_COMPILER_APPICON_NAME = AppIcon;
				CODE_SIGN_STYLE = Automatic;
				INFOPLIST_FILE = "$(SRCROOT)/Pascalina/Supporting Files/Info.plist";
				IPHONEOS_DEPLOYMENT_TARGET = 10.0;
				LD_RUNPATH_SEARCH_PATHS = (
					"$(inherited)",
					"@executable_path/Frameworks",
				);
				PRODUCT_BUNDLE_IDENTIFIER = com.jeluchu.Pascalina;
				PRODUCT_NAME = "$(TARGET_NAME)";
				SWIFT_VERSION = 4.2;
				TARGETED_DEVICE_FAMILY = "1,2";
			};
			name = Debug;
		};
		A690AA5E22B8D81400B02C28 /* Release */ = {
			isa = XCBuildConfiguration;
			buildSettings = {
				ASSETCATALOG_COMPILER_APPICON_NAME = AppIcon;
				CODE_SIGN_STYLE = Automatic;
				INFOPLIST_FILE = "$(SRCROOT)/Pascalina/Supporting Files/Info.plist";
				IPHONEOS_DEPLOYMENT_TARGET = 10.0;
				LD_RUNPATH_SEARCH_PATHS = (
					"$(inherited)",
					"@executable_path/Frameworks",
				);
				PRODUCT_BUNDLE_IDENTIFIER = com.jeluchu.Pascalina;
				PRODUCT_NAME = "$(TARGET_NAME)";
				SWIFT_VERSION = 4.2;
				TARGETED_DEVICE_FAMILY = "1,2";
			};
			name = Release;
		};
		A690AA6022B8D81400B02C28 /* Debug */ = {
			isa = XCBuildConfiguration;
			buildSettings = {
				ALWAYS_EMBED_SWIFT_STANDARD_LIBRARIES = YES;
				BUNDLE_LOADER = "$(TEST_HOST)";
				CODE_SIGN_STYLE = Automatic;
				INFOPLIST_FILE = PascalinaTests/Info.plist;
				LD_RUNPATH_SEARCH_PATHS = (
					"$(inherited)",
					"@executable_path/Frameworks",
					"@loader_path/Frameworks",
				);
				PRODUCT_BUNDLE_IDENTIFIER = com.jeluchu.PascalinaTests;
				PRODUCT_NAME = "$(TARGET_NAME)";
				SWIFT_VERSION = 4.2;
				TARGETED_DEVICE_FAMILY = "1,2";
				TEST_HOST = "$(BUILT_PRODUCTS_DIR)/Pascalina.app/Pascalina";
			};
			name = Debug;
		};
		A690AA6122B8D81400B02C28 /* Release */ = {
			isa = XCBuildConfiguration;
			buildSettings = {
				ALWAYS_EMBED_SWIFT_STANDARD_LIBRARIES = YES;
				BUNDLE_LOADER = "$(TEST_HOST)";
				CODE_SIGN_STYLE = Automatic;
				INFOPLIST_FILE = PascalinaTests/Info.plist;
				LD_RUNPATH_SEARCH_PATHS = (
					"$(inherited)",
					"@executable_path/Frameworks",
					"@loader_path/Frameworks",
				);
				PRODUCT_BUNDLE_IDENTIFIER = com.jeluchu.PascalinaTests;
				PRODUCT_NAME = "$(TARGET_NAME)";
				SWIFT_VERSION = 4.2;
				TARGETED_DEVICE_FAMILY = "1,2";
				TEST_HOST = "$(BUILT_PRODUCTS_DIR)/Pascalina.app/Pascalina";
			};
			name = Release;
		};
/* End XCBuildConfiguration section */

/* Begin XCConfigurationList section */
		A690AA3A22B8D81200B02C28 /* Build configuration list for PBXProject "Pascalina" */ = {
			isa = XCConfigurationList;
			buildConfigurations = (
				A690AA5A22B8D81400B02C28 /* Debug */,
				A690AA5B22B8D81400B02C28 /* Release */,
			);
			defaultConfigurationIsVisible = 0;
			defaultConfigurationName = Release;
		};
		A690AA5C22B8D81400B02C28 /* Build configuration list for PBXNativeTarget "Pascalina" */ = {
			isa = XCConfigurationList;
			buildConfigurations = (
				A690AA5D22B8D81400B02C28 /* Debug */,
				A690AA5E22B8D81400B02C28 /* Release */,
			);
			defaultConfigurationIsVisible = 0;
			defaultConfigurationName = Release;
		};
		A690AA5F22B8D81400B02C28 /* Build configuration list for PBXNativeTarget "PascalinaTests" */ = {
			isa = XCConfigurationList;
			buildConfigurations = (
				A690AA6022B8D81400B02C28 /* Debug */,
				A690AA6122B8D81400B02C28 /* Release */,
			);
			defaultConfigurationIsVisible = 0;
			defaultConfigurationName = Release;
		};
/* End XCConfigurationList section */
	};
	rootObject = A690AA3722B8D81200B02C28 /* Project object */;
}
